// !$*UTF8*$!
{
	archiveVersion = 1;
	classes = {
	};
	objectVersion = 46;
	objects = {

/* Begin PBXBuildFile section */
		844A25ECF66148B2AFFEEFAC /* libPods-MKLayoutLibraryTests.a in Frameworks */ = {isa = PBXBuildFile; fileRef = A155B8C241DF483C9A2BE48D /* libPods-MKLayoutLibraryTests.a */; };
		B54D407E1881C5B0007270DB /* MKStackLayout.m in Sources */ = {isa = PBXBuildFile; fileRef = B54D407D1881C5B0007270DB /* MKStackLayout.m */; };
		B54D40801881C9C1007270DB /* MKStackLayoutTests.m in Sources */ = {isa = PBXBuildFile; fileRef = B54D407F1881C9C1007270DB /* MKStackLayoutTests.m */; };
		B582414F1881929A008A472F /* Foundation.framework in Frameworks */ = {isa = PBXBuildFile; fileRef = B582414E1881929A008A472F /* Foundation.framework */; };
		B58241541881929A008A472F /* MKLayoutLibrary.h in CopyFiles */ = {isa = PBXBuildFile; fileRef = B58241531881929A008A472F /* MKLayoutLibrary.h */; };
		B58241561881929A008A472F /* MKLayoutLibrary.m in Sources */ = {isa = PBXBuildFile; fileRef = B58241551881929A008A472F /* MKLayoutLibrary.m */; };
		B582415D1881929A008A472F /* XCTest.framework in Frameworks */ = {isa = PBXBuildFile; fileRef = B582415C1881929A008A472F /* XCTest.framework */; };
		B582415E1881929A008A472F /* Foundation.framework in Frameworks */ = {isa = PBXBuildFile; fileRef = B582414E1881929A008A472F /* Foundation.framework */; };
		B58241601881929A008A472F /* UIKit.framework in Frameworks */ = {isa = PBXBuildFile; fileRef = B582415F1881929A008A472F /* UIKit.framework */; };
		B58241631881929A008A472F /* libMKLayoutLibrary.a in Frameworks */ = {isa = PBXBuildFile; fileRef = B582414B1881929A008A472F /* libMKLayoutLibrary.a */; };
		B58241691881929A008A472F /* InfoPlist.strings in Resources */ = {isa = PBXBuildFile; fileRef = B58241671881929A008A472F /* InfoPlist.strings */; };
		B582416B1881929A008A472F /* MKLayoutLibraryTests.m in Sources */ = {isa = PBXBuildFile; fileRef = B582416A1881929A008A472F /* MKLayoutLibraryTests.m */; };
		B582417A188192B3008A472F /* MKLayout.m in Sources */ = {isa = PBXBuildFile; fileRef = B5824175188192B3008A472F /* MKLayout.m */; };
		B582417B188192B3008A472F /* MKLayoutItem.m in Sources */ = {isa = PBXBuildFile; fileRef = B5824177188192B3008A472F /* MKLayoutItem.m */; };
		B582417C188192B3008A472F /* MKLinearLayout.m in Sources */ = {isa = PBXBuildFile; fileRef = B5824179188192B3008A472F /* MKLinearLayout.m */; };
		B582417F188192C7008A472F /* MKLayoutTests.m in Sources */ = {isa = PBXBuildFile; fileRef = B582417D188192C7008A472F /* MKLayoutTests.m */; };
		B5824180188192C7008A472F /* MKLinearLayoutTests.m in Sources */ = {isa = PBXBuildFile; fileRef = B582417E188192C7008A472F /* MKLinearLayoutTests.m */; };
		B58241821881937E008A472F /* UIKit.framework in Frameworks */ = {isa = PBXBuildFile; fileRef = B58241811881937E008A472F /* UIKit.framework */; };
/* End PBXBuildFile section */

/* Begin PBXContainerItemProxy section */
		B58241611881929A008A472F /* PBXContainerItemProxy */ = {
			isa = PBXContainerItemProxy;
			containerPortal = B58241431881929A008A472F /* Project object */;
			proxyType = 1;
			remoteGlobalIDString = B582414A1881929A008A472F;
			remoteInfo = MKLayoutLibrary;
		};
/* End PBXContainerItemProxy section */

/* Begin PBXCopyFilesBuildPhase section */
		B58241491881929A008A472F /* CopyFiles */ = {
			isa = PBXCopyFilesBuildPhase;
			buildActionMask = 2147483647;
			dstPath = "include/$(PRODUCT_NAME)";
			dstSubfolderSpec = 16;
			files = (
				B58241541881929A008A472F /* MKLayoutLibrary.h in CopyFiles */,
			);
			runOnlyForDeploymentPostprocessing = 0;
		};
/* End PBXCopyFilesBuildPhase section */

/* Begin PBXFileReference section */
		A155B8C241DF483C9A2BE48D /* libPods-MKLayoutLibraryTests.a */ = {isa = PBXFileReference; explicitFileType = archive.ar; includeInIndex = 0; path = "libPods-MKLayoutLibraryTests.a"; sourceTree = BUILT_PRODUCTS_DIR; };
		B54D407C1881C5B0007270DB /* MKStackLayout.h */ = {isa = PBXFileReference; fileEncoding = 4; lastKnownFileType = sourcecode.c.h; path = MKStackLayout.h; sourceTree = "<group>"; };
		B54D407D1881C5B0007270DB /* MKStackLayout.m */ = {isa = PBXFileReference; fileEncoding = 4; lastKnownFileType = sourcecode.c.objc; path = MKStackLayout.m; sourceTree = "<group>"; };
		B54D407F1881C9C1007270DB /* MKStackLayoutTests.m */ = {isa = PBXFileReference; fileEncoding = 4; lastKnownFileType = sourcecode.c.objc; path = MKStackLayoutTests.m; sourceTree = "<group>"; };
		B582414B1881929A008A472F /* libMKLayoutLibrary.a */ = {isa = PBXFileReference; explicitFileType = archive.ar; includeInIndex = 0; path = libMKLayoutLibrary.a; sourceTree = BUILT_PRODUCTS_DIR; };
		B582414E1881929A008A472F /* Foundation.framework */ = {isa = PBXFileReference; lastKnownFileType = wrapper.framework; name = Foundation.framework; path = System/Library/Frameworks/Foundation.framework; sourceTree = SDKROOT; };
		B58241521881929A008A472F /* MKLayoutLibrary-Prefix.pch */ = {isa = PBXFileReference; lastKnownFileType = sourcecode.c.h; path = "MKLayoutLibrary-Prefix.pch"; sourceTree = "<group>"; };
		B58241531881929A008A472F /* MKLayoutLibrary.h */ = {isa = PBXFileReference; lastKnownFileType = sourcecode.c.h; path = MKLayoutLibrary.h; sourceTree = "<group>"; };
		B58241551881929A008A472F /* MKLayoutLibrary.m */ = {isa = PBXFileReference; lastKnownFileType = sourcecode.c.objc; path = MKLayoutLibrary.m; sourceTree = "<group>"; };
		B582415B1881929A008A472F /* MKLayoutLibraryTests.xctest */ = {isa = PBXFileReference; explicitFileType = wrapper.cfbundle; includeInIndex = 0; path = MKLayoutLibraryTests.xctest; sourceTree = BUILT_PRODUCTS_DIR; };
		B582415C1881929A008A472F /* XCTest.framework */ = {isa = PBXFileReference; lastKnownFileType = wrapper.framework; name = XCTest.framework; path = Library/Frameworks/XCTest.framework; sourceTree = DEVELOPER_DIR; };
		B582415F1881929A008A472F /* UIKit.framework */ = {isa = PBXFileReference; lastKnownFileType = wrapper.framework; name = UIKit.framework; path = Library/Frameworks/UIKit.framework; sourceTree = DEVELOPER_DIR; };
		B58241661881929A008A472F /* MKLayoutLibraryTests-Info.plist */ = {isa = PBXFileReference; lastKnownFileType = text.plist.xml; path = "MKLayoutLibraryTests-Info.plist"; sourceTree = "<group>"; };
		B58241681881929A008A472F /* en */ = {isa = PBXFileReference; lastKnownFileType = text.plist.strings; name = en; path = en.lproj/InfoPlist.strings; sourceTree = "<group>"; };
		B582416A1881929A008A472F /* MKLayoutLibraryTests.m */ = {isa = PBXFileReference; lastKnownFileType = sourcecode.c.objc; path = MKLayoutLibraryTests.m; sourceTree = "<group>"; };
		B5824174188192B3008A472F /* MKLayout.h */ = {isa = PBXFileReference; fileEncoding = 4; lastKnownFileType = sourcecode.c.h; path = MKLayout.h; sourceTree = "<group>"; };
		B5824175188192B3008A472F /* MKLayout.m */ = {isa = PBXFileReference; fileEncoding = 4; lastKnownFileType = sourcecode.c.objc; path = MKLayout.m; sourceTree = "<group>"; };
		B5824176188192B3008A472F /* MKLayoutItem.h */ = {isa = PBXFileReference; fileEncoding = 4; lastKnownFileType = sourcecode.c.h; path = MKLayoutItem.h; sourceTree = "<group>"; };
		B5824177188192B3008A472F /* MKLayoutItem.m */ = {isa = PBXFileReference; fileEncoding = 4; lastKnownFileType = sourcecode.c.objc; path = MKLayoutItem.m; sourceTree = "<group>"; };
		B5824178188192B3008A472F /* MKLinearLayout.h */ = {isa = PBXFileReference; fileEncoding = 4; lastKnownFileType = sourcecode.c.h; path = MKLinearLayout.h; sourceTree = "<group>"; };
		B5824179188192B3008A472F /* MKLinearLayout.m */ = {isa = PBXFileReference; fileEncoding = 4; lastKnownFileType = sourcecode.c.objc; path = MKLinearLayout.m; sourceTree = "<group>"; };
		B582417D188192C7008A472F /* MKLayoutTests.m */ = {isa = PBXFileReference; fileEncoding = 4; lastKnownFileType = sourcecode.c.objc; path = MKLayoutTests.m; sourceTree = "<group>"; };
		B582417E188192C7008A472F /* MKLinearLayoutTests.m */ = {isa = PBXFileReference; fileEncoding = 4; lastKnownFileType = sourcecode.c.objc; path = MKLinearLayoutTests.m; sourceTree = "<group>"; };
		B58241811881937E008A472F /* UIKit.framework */ = {isa = PBXFileReference; lastKnownFileType = wrapper.framework; name = UIKit.framework; path = System/Library/Frameworks/UIKit.framework; sourceTree = SDKROOT; };
		E17CAFEC62B04BF7A8718C6A /* Pods-MKLayoutLibraryTests.xcconfig */ = {isa = PBXFileReference; includeInIndex = 1; lastKnownFileType = text.xcconfig; name = "Pods-MKLayoutLibraryTests.xcconfig"; path = "Pods/Pods-MKLayoutLibraryTests.xcconfig"; sourceTree = "<group>"; };
/* End PBXFileReference section */

/* Begin PBXFrameworksBuildPhase section */
		B58241481881929A008A472F /* Frameworks */ = {
			isa = PBXFrameworksBuildPhase;
			buildActionMask = 2147483647;
			files = (
				B58241821881937E008A472F /* UIKit.framework in Frameworks */,
				B582414F1881929A008A472F /* Foundation.framework in Frameworks */,
			);
			runOnlyForDeploymentPostprocessing = 0;
		};
		B58241581881929A008A472F /* Frameworks */ = {
			isa = PBXFrameworksBuildPhase;
			buildActionMask = 2147483647;
			files = (
				B582415D1881929A008A472F /* XCTest.framework in Frameworks */,
				B58241631881929A008A472F /* libMKLayoutLibrary.a in Frameworks */,
				B58241601881929A008A472F /* UIKit.framework in Frameworks */,
				B582415E1881929A008A472F /* Foundation.framework in Frameworks */,
				844A25ECF66148B2AFFEEFAC /* libPods-MKLayoutLibraryTests.a in Frameworks */,
			);
			runOnlyForDeploymentPostprocessing = 0;
		};
/* End PBXFrameworksBuildPhase section */

/* Begin PBXGroup section */
		B58241421881929A008A472F = {
			isa = PBXGroup;
			children = (
				B58241501881929A008A472F /* MKLayoutLibrary */,
				B58241641881929A008A472F /* MKLayoutLibraryTests */,
				B582414D1881929A008A472F /* Frameworks */,
				B582414C1881929A008A472F /* Products */,
				E17CAFEC62B04BF7A8718C6A /* Pods-MKLayoutLibraryTests.xcconfig */,
			);
			sourceTree = "<group>";
		};
		B582414C1881929A008A472F /* Products */ = {
			isa = PBXGroup;
			children = (
				B582414B1881929A008A472F /* libMKLayoutLibrary.a */,
				B582415B1881929A008A472F /* MKLayoutLibraryTests.xctest */,
			);
			name = Products;
			sourceTree = "<group>";
		};
		B582414D1881929A008A472F /* Frameworks */ = {
			isa = PBXGroup;
			children = (
				B58241811881937E008A472F /* UIKit.framework */,
				B582414E1881929A008A472F /* Foundation.framework */,
				B582415C1881929A008A472F /* XCTest.framework */,
				B582415F1881929A008A472F /* UIKit.framework */,
				A155B8C241DF483C9A2BE48D /* libPods-MKLayoutLibraryTests.a */,
			);
			name = Frameworks;
			sourceTree = "<group>";
		};
		B58241501881929A008A472F /* MKLayoutLibrary */ = {
			isa = PBXGroup;
			children = (
				B58241531881929A008A472F /* MKLayoutLibrary.h */,
				B58241551881929A008A472F /* MKLayoutLibrary.m */,
				B5824174188192B3008A472F /* MKLayout.h */,
				B5824175188192B3008A472F /* MKLayout.m */,
				B5824176188192B3008A472F /* MKLayoutItem.h */,
				B5824177188192B3008A472F /* MKLayoutItem.m */,
				B5824178188192B3008A472F /* MKLinearLayout.h */,
				B5824179188192B3008A472F /* MKLinearLayout.m */,
				B54D407C1881C5B0007270DB /* MKStackLayout.h */,
				B54D407D1881C5B0007270DB /* MKStackLayout.m */,
				B58241511881929A008A472F /* Supporting Files */,
			);
			path = MKLayoutLibrary;
			sourceTree = "<group>";
		};
		B58241511881929A008A472F /* Supporting Files */ = {
			isa = PBXGroup;
			children = (
				B58241521881929A008A472F /* MKLayoutLibrary-Prefix.pch */,
			);
			name = "Supporting Files";
			sourceTree = "<group>";
		};
		B58241641881929A008A472F /* MKLayoutLibraryTests */ = {
			isa = PBXGroup;
			children = (
				B582417D188192C7008A472F /* MKLayoutTests.m */,
				B582417E188192C7008A472F /* MKLinearLayoutTests.m */,
				B54D407F1881C9C1007270DB /* MKStackLayoutTests.m */,
				B582416A1881929A008A472F /* MKLayoutLibraryTests.m */,
				B58241651881929A008A472F /* Supporting Files */,
			);
			path = MKLayoutLibraryTests;
			sourceTree = "<group>";
		};
		B58241651881929A008A472F /* Supporting Files */ = {
			isa = PBXGroup;
			children = (
				B58241661881929A008A472F /* MKLayoutLibraryTests-Info.plist */,
				B58241671881929A008A472F /* InfoPlist.strings */,
			);
			name = "Supporting Files";
			sourceTree = "<group>";
		};
/* End PBXGroup section */

/* Begin PBXNativeTarget section */
		B582414A1881929A008A472F /* MKLayoutLibrary */ = {
			isa = PBXNativeTarget;
			buildConfigurationList = B582416E1881929A008A472F /* Build configuration list for PBXNativeTarget "MKLayoutLibrary" */;
			buildPhases = (
				B58241471881929A008A472F /* Sources */,
				B58241481881929A008A472F /* Frameworks */,
				B58241491881929A008A472F /* CopyFiles */,
			);
			buildRules = (
			);
			dependencies = (
			);
			name = MKLayoutLibrary;
			productName = MKLayoutLibrary;
			productReference = B582414B1881929A008A472F /* libMKLayoutLibrary.a */;
			productType = "com.apple.product-type.library.static";
		};
		B582415A1881929A008A472F /* MKLayoutLibraryTests */ = {
			isa = PBXNativeTarget;
			buildConfigurationList = B58241711881929A008A472F /* Build configuration list for PBXNativeTarget "MKLayoutLibraryTests" */;
			buildPhases = (
				CCD75652A81E4806ACE77768 /* Check Pods Manifest.lock */,
				B58241571881929A008A472F /* Sources */,
				B58241581881929A008A472F /* Frameworks */,
				B58241591881929A008A472F /* Resources */,
				DC35B696CFAC415BBBA34D43 /* Copy Pods Resources */,
			);
			buildRules = (
			);
			dependencies = (
				B58241621881929A008A472F /* PBXTargetDependency */,
			);
			name = MKLayoutLibraryTests;
			productName = MKLayoutLibraryTests;
			productReference = B582415B1881929A008A472F /* MKLayoutLibraryTests.xctest */;
			productType = "com.apple.product-type.bundle.unit-test";
		};
/* End PBXNativeTarget section */

/* Begin PBXProject section */
		B58241431881929A008A472F /* Project object */ = {
			isa = PBXProject;
			attributes = {
				LastUpgradeCheck = 0500;
				ORGANIZATIONNAME = "Martin Klöppner";
			};
			buildConfigurationList = B58241461881929A008A472F /* Build configuration list for PBXProject "MKLayoutLibrary" */;
			compatibilityVersion = "Xcode 3.2";
			developmentRegion = English;
			hasScannedForEncodings = 0;
			knownRegions = (
				en,
			);
			mainGroup = B58241421881929A008A472F;
			productRefGroup = B582414C1881929A008A472F /* Products */;
			projectDirPath = "";
			projectRoot = "";
			targets = (
				B582414A1881929A008A472F /* MKLayoutLibrary */,
				B582415A1881929A008A472F /* MKLayoutLibraryTests */,
			);
		};
/* End PBXProject section */

/* Begin PBXResourcesBuildPhase section */
		B58241591881929A008A472F /* Resources */ = {
			isa = PBXResourcesBuildPhase;
			buildActionMask = 2147483647;
			files = (
				B58241691881929A008A472F /* InfoPlist.strings in Resources */,
			);
			runOnlyForDeploymentPostprocessing = 0;
		};
/* End PBXResourcesBuildPhase section */

/* Begin PBXShellScriptBuildPhase section */
		CCD75652A81E4806ACE77768 /* Check Pods Manifest.lock */ = {
			isa = PBXShellScriptBuildPhase;
			buildActionMask = 2147483647;
			files = (
			);
			inputPaths = (
			);
			name = "Check Pods Manifest.lock";
			outputPaths = (
			);
			runOnlyForDeploymentPostprocessing = 0;
			shellPath = /bin/sh;
			shellScript = "diff \"${PODS_ROOT}/../Podfile.lock\" \"${PODS_ROOT}/Manifest.lock\" > /dev/null\nif [[ $? != 0 ]] ; then\n    cat << EOM\nerror: The sandbox is not in sync with the Podfile.lock. Run 'pod install' or update your CocoaPods installation.\nEOM\n    exit 1\nfi\n";
			showEnvVarsInLog = 0;
		};
		DC35B696CFAC415BBBA34D43 /* Copy Pods Resources */ = {
			isa = PBXShellScriptBuildPhase;
			buildActionMask = 2147483647;
			files = (
			);
			inputPaths = (
			);
			name = "Copy Pods Resources";
			outputPaths = (
			);
			runOnlyForDeploymentPostprocessing = 0;
			shellPath = /bin/sh;
			shellScript = "\"${SRCROOT}/Pods/Pods-MKLayoutLibraryTests-resources.sh\"\n";
			showEnvVarsInLog = 0;
		};
/* End PBXShellScriptBuildPhase section */

/* Begin PBXSourcesBuildPhase section */
		B58241471881929A008A472F /* Sources */ = {
			isa = PBXSourcesBuildPhase;
			buildActionMask = 2147483647;
			files = (
				B582417C188192B3008A472F /* MKLinearLayout.m in Sources */,
				B582417B188192B3008A472F /* MKLayoutItem.m in Sources */,
				B54D407E1881C5B0007270DB /* MKStackLayout.m in Sources */,
				B58241561881929A008A472F /* MKLayoutLibrary.m in Sources */,
				B582417A188192B3008A472F /* MKLayout.m in Sources */,
			);
			runOnlyForDeploymentPostprocessing = 0;
		};
		B58241571881929A008A472F /* Sources */ = {
			isa = PBXSourcesBuildPhase;
			buildActionMask = 2147483647;
			files = (
				B582416B1881929A008A472F /* MKLayoutLibraryTests.m in Sources */,
				B582417F188192C7008A472F /* MKLayoutTests.m in Sources */,
				B54D40801881C9C1007270DB /* MKStackLayoutTests.m in Sources */,
				B5824180188192C7008A472F /* MKLinearLayoutTests.m in Sources */,
			);
			runOnlyForDeploymentPostprocessing = 0;
		};
/* End PBXSourcesBuildPhase section */

/* Begin PBXTargetDependency section */
		B58241621881929A008A472F /* PBXTargetDependency */ = {
			isa = PBXTargetDependency;
			target = B582414A1881929A008A472F /* MKLayoutLibrary */;
			targetProxy = B58241611881929A008A472F /* PBXContainerItemProxy */;
		};
/* End PBXTargetDependency section */

/* Begin PBXVariantGroup section */
		B58241671881929A008A472F /* InfoPlist.strings */ = {
			isa = PBXVariantGroup;
			children = (
				B58241681881929A008A472F /* en */,
			);
			name = InfoPlist.strings;
			sourceTree = "<group>";
		};
/* End PBXVariantGroup section */

/* Begin XCBuildConfiguration section */
		B582416C1881929A008A472F /* Debug */ = {
			isa = XCBuildConfiguration;
			buildSettings = {
				ALWAYS_SEARCH_USER_PATHS = NO;
				ARCHS = "$(ARCHS_STANDARD_INCLUDING_64_BIT)";
				CLANG_CXX_LANGUAGE_STANDARD = "gnu++0x";
				CLANG_CXX_LIBRARY = "libc++";
				CLANG_ENABLE_MODULES = YES;
				CLANG_ENABLE_OBJC_ARC = YES;
				CLANG_WARN_BOOL_CONVERSION = YES;
				CLANG_WARN_CONSTANT_CONVERSION = YES;
				CLANG_WARN_DIRECT_OBJC_ISA_USAGE = YES_ERROR;
				CLANG_WARN_EMPTY_BODY = YES;
				CLANG_WARN_ENUM_CONVERSION = YES;
				CLANG_WARN_INT_CONVERSION = YES;
				CLANG_WARN_OBJC_ROOT_CLASS = YES_ERROR;
				CLANG_WARN__DUPLICATE_METHOD_MATCH = YES;
				COPY_PHASE_STRIP = NO;
				GCC_C_LANGUAGE_STANDARD = gnu99;
				GCC_DYNAMIC_NO_PIC = NO;
				GCC_OPTIMIZATION_LEVEL = 0;
				GCC_PREPROCESSOR_DEFINITIONS = (
					"DEBUG=1",
					"$(inherited)",
				);
				GCC_SYMBOLS_PRIVATE_EXTERN = NO;
				GCC_WARN_64_TO_32_BIT_CONVERSION = YES;
				GCC_WARN_ABOUT_RETURN_TYPE = YES_ERROR;
				GCC_WARN_UNDECLARED_SELECTOR = YES;
				GCC_WARN_UNINITIALIZED_AUTOS = YES;
				GCC_WARN_UNUSED_FUNCTION = YES;
				GCC_WARN_UNUSED_VARIABLE = YES;
				IPHONEOS_DEPLOYMENT_TARGET = 7.0;
				ONLY_ACTIVE_ARCH = YES;
				SDKROOT = iphoneos;
			};
			name = Debug;
		};
		B582416D1881929A008A472F /* Release */ = {
			isa = XCBuildConfiguration;
			buildSettings = {
				ALWAYS_SEARCH_USER_PATHS = NO;
				ARCHS = "$(ARCHS_STANDARD_INCLUDING_64_BIT)";
				CLANG_CXX_LANGUAGE_STANDARD = "gnu++0x";
				CLANG_CXX_LIBRARY = "libc++";
				CLANG_ENABLE_MODULES = YES;
				CLANG_ENABLE_OBJC_ARC = YES;
				CLANG_WARN_BOOL_CONVERSION = YES;
				CLANG_WARN_CONSTANT_CONVERSION = YES;
				CLANG_WARN_DIRECT_OBJC_ISA_USAGE = YES_ERROR;
				CLANG_WARN_EMPTY_BODY = YES;
				CLANG_WARN_ENUM_CONVERSION = YES;
				CLANG_WARN_INT_CONVERSION = YES;
				CLANG_WARN_OBJC_ROOT_CLASS = YES_ERROR;
				CLANG_WARN__DUPLICATE_METHOD_MATCH = YES;
				COPY_PHASE_STRIP = YES;
				ENABLE_NS_ASSERTIONS = NO;
				GCC_C_LANGUAGE_STANDARD = gnu99;
				GCC_WARN_64_TO_32_BIT_CONVERSION = YES;
				GCC_WARN_ABOUT_RETURN_TYPE = YES_ERROR;
				GCC_WARN_UNDECLARED_SELECTOR = YES;
				GCC_WARN_UNINITIALIZED_AUTOS = YES;
				GCC_WARN_UNUSED_FUNCTION = YES;
				GCC_WARN_UNUSED_VARIABLE = YES;
				IPHONEOS_DEPLOYMENT_TARGET = 7.0;
				SDKROOT = iphoneos;
				VALIDATE_PRODUCT = YES;
			};
			name = Release;
		};
		B582416F1881929A008A472F /* Debug */ = {
			isa = XCBuildConfiguration;
			buildSettings = {
				DSTROOT = /tmp/MKLayoutLibrary.dst;
				GCC_PRECOMPILE_PREFIX_HEADER = YES;
				GCC_PREFIX_HEADER = "MKLayoutLibrary/MKLayoutLibrary-Prefix.pch";
				OTHER_LDFLAGS = "-ObjC";
				PRODUCT_NAME = "$(TARGET_NAME)";
				SKIP_INSTALL = YES;
			};
			name = Debug;
		};
		B58241701881929A008A472F /* Release */ = {
			isa = XCBuildConfiguration;
			buildSettings = {
				DSTROOT = /tmp/MKLayoutLibrary.dst;
				GCC_PRECOMPILE_PREFIX_HEADER = YES;
				GCC_PREFIX_HEADER = "MKLayoutLibrary/MKLayoutLibrary-Prefix.pch";
				OTHER_LDFLAGS = "-ObjC";
				PRODUCT_NAME = "$(TARGET_NAME)";
				SKIP_INSTALL = YES;
			};
			name = Release;
		};
		B58241721881929A008A472F /* Debug */ = {
			isa = XCBuildConfiguration;
			baseConfigurationReference = E17CAFEC62B04BF7A8718C6A /* Pods-MKLayoutLibraryTests.xcconfig */;
			buildSettings = {
				ARCHS = "$(ARCHS_STANDARD_INCLUDING_64_BIT)";
				FRAMEWORK_SEARCH_PATHS = (
					"$(SDKROOT)/Developer/Library/Frameworks",
					"$(inherited)",
					"$(DEVELOPER_FRAMEWORKS_DIR)",
				);
				GCC_PRECOMPILE_PREFIX_HEADER = YES;
				GCC_PREFIX_HEADER = "MKLayoutLibrary/MKLayoutLibrary-Prefix.pch";
				GCC_PREPROCESSOR_DEFINITIONS = (
					"DEBUG=1",
					"$(inherited)",
				);
				INFOPLIST_FILE = "MKLayoutLibraryTests/MKLayoutLibraryTests-Info.plist";
				PRODUCT_NAME = "$(TARGET_NAME)";
				WRAPPER_EXTENSION = xctest;
			};
			name = Debug;
		};
		B58241731881929A008A472F /* Release */ = {
			isa = XCBuildConfiguration;
			baseConfigurationReference = E17CAFEC62B04BF7A8718C6A /* Pods-MKLayoutLibraryTests.xcconfig */;
			buildSettings = {
				ARCHS = "$(ARCHS_STANDARD_INCLUDING_64_BIT)";
				FRAMEWORK_SEARCH_PATHS = (
					"$(SDKROOT)/Developer/Library/Frameworks",
					"$(inherited)",
					"$(DEVELOPER_FRAMEWORKS_DIR)",
				);
				GCC_PRECOMPILE_PREFIX_HEADER = YES;
				GCC_PREFIX_HEADER = "MKLayoutLibrary/MKLayoutLibrary-Prefix.pch";
				INFOPLIST_FILE = "MKLayoutLibraryTests/MKLayoutLibraryTests-Info.plist";
				PRODUCT_NAME = "$(TARGET_NAME)";
				WRAPPER_EXTENSION = xctest;
			};
			name = Release;
		};
/* End XCBuildConfiguration section */

/* Begin XCConfigurationList section */
		B58241461881929A008A472F /* Build configuration list for PBXProject "MKLayoutLibrary" */ = {
			isa = XCConfigurationList;
			buildConfigurations = (
				B582416C1881929A008A472F /* Debug */,
				B582416D1881929A008A472F /* Release */,
			);
			defaultConfigurationIsVisible = 0;
			defaultConfigurationName = Release;
		};
		B582416E1881929A008A472F /* Build configuration list for PBXNativeTarget "MKLayoutLibrary" */ = {
			isa = XCConfigurationList;
			buildConfigurations = (
				B582416F1881929A008A472F /* Debug */,
				B58241701881929A008A472F /* Release */,
			);
			defaultConfigurationIsVisible = 0;
			defaultConfigurationName = Release;
		};
		B58241711881929A008A472F /* Build configuration list for PBXNativeTarget "MKLayoutLibraryTests" */ = {
			isa = XCConfigurationList;
			buildConfigurations = (
				B58241721881929A008A472F /* Debug */,
				B58241731881929A008A472F /* Release */,
			);
			defaultConfigurationIsVisible = 0;
			defaultConfigurationName = Release;
		};
/* End XCConfigurationList section */
	};
	rootObject = B58241431881929A008A472F /* Project object */;
}
